
Microsoft Visual Studio Solution File, Format Version 12.00
# Visual Studio Version 16
VisualStudioVersion = 16.0.29215.179
MinimumVisualStudioVersion = 10.0.40219.1
Project("{FAE04EC0-301F-11D3-BF4B-00C04F79EFBC}") = "TestHarness", "TestHarness.csproj", "{1A1B7BCF-D5B3-4CA1-84D3-A60F3B60AB94}"
EndProject
Global
	GlobalSection(SolutionConfigurationPlatforms) = preSolution
		Debug|Any CPU = Debug|Any CPU
		Release|Any CPU = Release|Any CPU
	EndGlobalSection
	GlobalSection(ProjectConfigurationPlatforms) = postSolution
		{1A1B7BCF-D5B3-4CA1-84D3-A60F3B60AB94}.Debug|Any CPU.ActiveCfg = Debug|Any CPU
		{1A1B7BCF-D5B3-4CA1-84D3-A60F3B60AB94}.Debug|Any CPU.Build.0 = Debug|Any CPU
		{1A1B7BCF-D5B3-4CA1-84D3-A60F3B60AB94}.Release|Any CPU.ActiveCfg = Release|Any CPU
		{1A1B7BCF-D5B3-4CA1-84D3-A60F3B60AB94}.Release|Any CPU.Build.0 = Release|Any CPU
	EndGlobalSection
	GlobalSection(SolutionProperties) = preSolution
		HideSolutionNode = FALSE
	EndGlobalSection
	GlobalSection(ExtensibilityGlobals) = postSolution
		SolutionGuid = {6398AA69-AD77-4737-BD88-35313625EB8C}
	EndGlobalSection
EndGlobal
